// !$*UTF8*$!
{
	archiveVersion = 1;
	classes = {
	};
	objectVersion = 46;
	objects = {

/* Begin PBXBuildFile section */
		2964F7CF15CAE7A60066F40E /* UIKit.framework in Frameworks */ = {isa = PBXBuildFile; fileRef = 2964F7CE15CAE7A60066F40E /* UIKit.framework */; };
		2964F7D115CAE7A60066F40E /* Foundation.framework in Frameworks */ = {isa = PBXBuildFile; fileRef = 2964F7D015CAE7A60066F40E /* Foundation.framework */; };
		2964F7D315CAE7A60066F40E /* CoreGraphics.framework in Frameworks */ = {isa = PBXBuildFile; fileRef = 2964F7D215CAE7A60066F40E /* CoreGraphics.framework */; };
		2964F7D915CAE7A60066F40E /* InfoPlist.strings in Resources */ = {isa = PBXBuildFile; fileRef = 2964F7D715CAE7A60066F40E /* InfoPlist.strings */; };
		2964F7DB15CAE7A60066F40E /* main.m in Sources */ = {isa = PBXBuildFile; fileRef = 2964F7DA15CAE7A60066F40E /* main.m */; };
		2964F7DF15CAE7A60066F40E /* SCAppDelegate.m in Sources */ = {isa = PBXBuildFile; fileRef = 2964F7DE15CAE7A60066F40E /* SCAppDelegate.m */; };
		2964F7E215CAE7A60066F40E /* MainStoryboard.storyboard in Resources */ = {isa = PBXBuildFile; fileRef = 2964F7E015CAE7A60066F40E /* MainStoryboard.storyboard */; };
		2964F7E515CAE7A60066F40E /* SCViewController.m in Sources */ = {isa = PBXBuildFile; fileRef = 2964F7E415CAE7A60066F40E /* SCViewController.m */; };
		2964F7ED15CB1C5B0066F40E /* SuperCalcModel.m in Sources */ = {isa = PBXBuildFile; fileRef = 2964F7EC15CB1C5B0066F40E /* SuperCalcModel.m */; };
/* End PBXBuildFile section */

/* Begin PBXFileReference section */
		2964F7CA15CAE7A60066F40E /* SuperCalc.app */ = {isa = PBXFileReference; explicitFileType = wrapper.application; includeInIndex = 0; path = SuperCalc.app; sourceTree = BUILT_PRODUCTS_DIR; };
		2964F7CE15CAE7A60066F40E /* UIKit.framework */ = {isa = PBXFileReference; lastKnownFileType = wrapper.framework; name = UIKit.framework; path = System/Library/Frameworks/UIKit.framework; sourceTree = SDKROOT; };
		2964F7D015CAE7A60066F40E /* Foundation.framework */ = {isa = PBXFileReference; lastKnownFileType = wrapper.framework; name = Foundation.framework; path = System/Library/Frameworks/Foundation.framework; sourceTree = SDKROOT; };
		2964F7D215CAE7A60066F40E /* CoreGraphics.framework */ = {isa = PBXFileReference; lastKnownFileType = wrapper.framework; name = CoreGraphics.framework; path = System/Library/Frameworks/CoreGraphics.framework; sourceTree = SDKROOT; };
		2964F7D615CAE7A60066F40E /* SuperCalc-Info.plist */ = {isa = PBXFileReference; lastKnownFileType = text.plist.xml; path = "SuperCalc-Info.plist"; sourceTree = "<group>"; };
		2964F7D815CAE7A60066F40E /* en */ = {isa = PBXFileReference; lastKnownFileType = text.plist.strings; name = en; path = en.lproj/InfoPlist.strings; sourceTree = "<group>"; };
		2964F7DA15CAE7A60066F40E /* main.m */ = {isa = PBXFileReference; lastKnownFileType = sourcecode.c.objc; path = main.m; sourceTree = "<group>"; };
		2964F7DC15CAE7A60066F40E /* SuperCalc-Prefix.pch */ = {isa = PBXFileReference; lastKnownFileType = sourcecode.c.h; path = "SuperCalc-Prefix.pch"; sourceTree = "<group>"; };
		2964F7DD15CAE7A60066F40E /* SCAppDelegate.h */ = {isa = PBXFileReference; lastKnownFileType = sourcecode.c.h; path = SCAppDelegate.h; sourceTree = "<group>"; };
		2964F7DE15CAE7A60066F40E /* SCAppDelegate.m */ = {isa = PBXFileReference; lastKnownFileType = sourcecode.c.objc; path = SCAppDelegate.m; sourceTree = "<group>"; };
		2964F7E115CAE7A60066F40E /* en */ = {isa = PBXFileReference; lastKnownFileType = file.storyboard; name = en; path = en.lproj/MainStoryboard.storyboard; sourceTree = "<group>"; };
		2964F7E315CAE7A60066F40E /* SCViewController.h */ = {isa = PBXFileReference; lastKnownFileType = sourcecode.c.h; path = SCViewController.h; sourceTree = "<group>"; };
		2964F7E415CAE7A60066F40E /* SCViewController.m */ = {isa = PBXFileReference; lastKnownFileType = sourcecode.c.objc; path = SCViewController.m; sourceTree = "<group>"; };
		2964F7EB15CB1C5B0066F40E /* SuperCalcModel.h */ = {isa = PBXFileReference; fileEncoding = 4; lastKnownFileType = sourcecode.c.h; path = SuperCalcModel.h; sourceTree = "<group>"; };
		2964F7EC15CB1C5B0066F40E /* SuperCalcModel.m */ = {isa = PBXFileReference; fileEncoding = 4; lastKnownFileType = sourcecode.c.objc; path = SuperCalcModel.m; sourceTree = "<group>"; };
/* End PBXFileReference section */

/* Begin PBXFrameworksBuildPhase section */
		2964F7C715CAE7A60066F40E /* Frameworks */ = {
			isa = PBXFrameworksBuildPhase;
			buildActionMask = 2147483647;
			files = (
				2964F7CF15CAE7A60066F40E /* UIKit.framework in Frameworks */,
				2964F7D115CAE7A60066F40E /* Foundation.framework in Frameworks */,
				2964F7D315CAE7A60066F40E /* CoreGraphics.framework in Frameworks */,
			);
			runOnlyForDeploymentPostprocessing = 0;
		};
/* End PBXFrameworksBuildPhase section */

/* Begin PBXGroup section */
		2964F7BF15CAE7A60066F40E = {
			isa = PBXGroup;
			children = (
				2964F7D415CAE7A60066F40E /* SuperCalc */,
				2964F7CD15CAE7A60066F40E /* Frameworks */,
				2964F7CB15CAE7A60066F40E /* Products */,
			);
			sourceTree = "<group>";
		};
		2964F7CB15CAE7A60066F40E /* Products */ = {
			isa = PBXGroup;
			children = (
				2964F7CA15CAE7A60066F40E /* SuperCalc.app */,
			);
			name = Products;
			sourceTree = "<group>";
		};
		2964F7CD15CAE7A60066F40E /* Frameworks */ = {
			isa = PBXGroup;
			children = (
				2964F7CE15CAE7A60066F40E /* UIKit.framework */,
				2964F7D015CAE7A60066F40E /* Foundation.framework */,
				2964F7D215CAE7A60066F40E /* CoreGraphics.framework */,
			);
			name = Frameworks;
			sourceTree = "<group>";
		};
		2964F7D415CAE7A60066F40E /* SuperCalc */ = {
			isa = PBXGroup;
			children = (
				2964F7DD15CAE7A60066F40E /* SCAppDelegate.h */,
				2964F7DE15CAE7A60066F40E /* SCAppDelegate.m */,
				2964F7E015CAE7A60066F40E /* MainStoryboard.storyboard */,
				2964F7E315CAE7A60066F40E /* SCViewController.h */,
				2964F7EB15CB1C5B0066F40E /* SuperCalcModel.h */,
				2964F7EC15CB1C5B0066F40E /* SuperCalcModel.m */,
				2964F7E415CAE7A60066F40E /* SCViewController.m */,
				2964F7D515CAE7A60066F40E /* Supporting Files */,
			);
			path = SuperCalc;
			sourceTree = "<group>";
		};
		2964F7D515CAE7A60066F40E /* Supporting Files */ = {
			isa = PBXGroup;
			children = (
				2964F7D615CAE7A60066F40E /* SuperCalc-Info.plist */,
				2964F7D715CAE7A60066F40E /* InfoPlist.strings */,
				2964F7DA15CAE7A60066F40E /* main.m */,
				2964F7DC15CAE7A60066F40E /* SuperCalc-Prefix.pch */,
			);
			name = "Supporting Files";
			sourceTree = "<group>";
		};
/* End PBXGroup section */

/* Begin PBXNativeTarget section */
		2964F7C915CAE7A60066F40E /* SuperCalc */ = {
			isa = PBXNativeTarget;
			buildConfigurationList = 2964F7E815CAE7A60066F40E /* Build configuration list for PBXNativeTarget "SuperCalc" */;
			buildPhases = (
				2964F7C615CAE7A60066F40E /* Sources */,
				2964F7C715CAE7A60066F40E /* Frameworks */,
				2964F7C815CAE7A60066F40E /* Resources */,
			);
			buildRules = (
			);
			dependencies = (
			);
			name = SuperCalc;
			productName = SuperCalc;
			productReference = 2964F7CA15CAE7A60066F40E /* SuperCalc.app */;
			productType = "com.apple.product-type.application";
		};
/* End PBXNativeTarget section */

/* Begin PBXProject section */
		2964F7C115CAE7A60066F40E /* Project object */ = {
			isa = PBXProject;
			attributes = {
				CLASSPREFIX = SC;
				LastUpgradeCheck = 0440;
				ORGANIZATIONNAME = "Phillip Reed";
			};
			buildConfigurationList = 2964F7C415CAE7A60066F40E /* Build configuration list for PBXProject "SuperCalc" */;
			compatibilityVersion = "Xcode 3.2";
			developmentRegion = English;
			hasScannedForEncodings = 0;
			knownRegions = (
				en,
			);
			mainGroup = 2964F7BF15CAE7A60066F40E;
			productRefGroup = 2964F7CB15CAE7A60066F40E /* Products */;
			projectDirPath = "";
			projectRoot = "";
			targets = (
				2964F7C915CAE7A60066F40E /* SuperCalc */,
			);
		};
/* End PBXProject section */

/* Begin PBXResourcesBuildPhase section */
		2964F7C815CAE7A60066F40E /* Resources */ = {
			isa = PBXResourcesBuildPhase;
			buildActionMask = 2147483647;
			files = (
				2964F7D915CAE7A60066F40E /* InfoPlist.strings in Resources */,
				2964F7E215CAE7A60066F40E /* MainStoryboard.storyboard in Resources */,
			);
			runOnlyForDeploymentPostprocessing = 0;
		};
/* End PBXResourcesBuildPhase section */

/* Begin PBXSourcesBuildPhase section */
		2964F7C615CAE7A60066F40E /* Sources */ = {
			isa = PBXSourcesBuildPhase;
			buildActionMask = 2147483647;
			files = (
				2964F7DB15CAE7A60066F40E /* main.m in Sources */,
				2964F7DF15CAE7A60066F40E /* SCAppDelegate.m in Sources */,
				2964F7E515CAE7A60066F40E /* SCViewController.m in Sources */,
				2964F7ED15CB1C5B0066F40E /* SuperCalcModel.m in Sources */,
			);
			runOnlyForDeploymentPostprocessing = 0;
		};
/* End PBXSourcesBuildPhase section */

/* Begin PBXVariantGroup section */
		2964F7D715CAE7A60066F40E /* InfoPlist.strings */ = {
			isa = PBXVariantGroup;
			children = (
				2964F7D815CAE7A60066F40E /* en */,
			);
			name = InfoPlist.strings;
			sourceTree = "<group>";
		};
		2964F7E015CAE7A60066F40E /* MainStoryboard.storyboard */ = {
			isa = PBXVariantGroup;
			children = (
				2964F7E115CAE7A60066F40E /* en */,
			);
			name = MainStoryboard.storyboard;
			sourceTree = "<group>";
		};
/* End PBXVariantGroup section */

/* Begin XCBuildConfiguration section */
		2964F7E615CAE7A60066F40E /* Debug */ = {
			isa = XCBuildConfiguration;
			buildSettings = {
				ALWAYS_SEARCH_USER_PATHS = NO;
				ARCHS = "$(ARCHS_STANDARD_32_BIT)";
				CLANG_CXX_LANGUAGE_STANDARD = "gnu++0x";
				CLANG_ENABLE_OBJC_ARC = YES;
				CLANG_WARN__DUPLICATE_METHOD_MATCH = YES;
				"CODE_SIGN_IDENTITY[sdk=iphoneos*]" = "iPhone Developer";
				COPY_PHASE_STRIP = NO;
				GCC_C_LANGUAGE_STANDARD = gnu99;
				GCC_DYNAMIC_NO_PIC = NO;
				GCC_OPTIMIZATION_LEVEL = 0;
				GCC_PREPROCESSOR_DEFINITIONS = (
					"DEBUG=1",
					"$(inherited)",
				);
				GCC_SYMBOLS_PRIVATE_EXTERN = NO;
				GCC_VERSION = com.apple.compilers.llvm.clang.1_0;
				GCC_WARN_ABOUT_RETURN_TYPE = YES;
				GCC_WARN_UNINITIALIZED_AUTOS = YES;
				GCC_WARN_UNUSED_VARIABLE = YES;
				IPHONEOS_DEPLOYMENT_TARGET = 5.1;
				SDKROOT = iphoneos;
			};
			name = Debug;
		};
		2964F7E715CAE7A60066F40E /* Release */ = {
			isa = XCBuildConfiguration;
			buildSettings = {
				ALWAYS_SEARCH_USER_PATHS = NO;
				ARCHS = "$(ARCHS_STANDARD_32_BIT)";
				CLANG_CXX_LANGUAGE_STANDARD = "gnu++0x";
				CLANG_ENABLE_OBJC_ARC = YES;
				CLANG_WARN__DUPLICATE_METHOD_MATCH = YES;
				"CODE_SIGN_IDENTITY[sdk=iphoneos*]" = "iPhone Developer";
				COPY_PHASE_STRIP = YES;
				GCC_C_LANGUAGE_STANDARD = gnu99;
				GCC_VERSION = com.apple.compilers.llvm.clang.1_0;
				GCC_WARN_ABOUT_RETURN_TYPE = YES;
				GCC_WARN_UNINITIALIZED_AUTOS = YES;
				GCC_WARN_UNUSED_VARIABLE = YES;
				IPHONEOS_DEPLOYMENT_TARGET = 5.1;
				OTHER_CFLAGS = "-DNS_BLOCK_ASSERTIONS=1";
				SDKROOT = iphoneos;
				VALIDATE_PRODUCT = YES;
			};
			name = Release;
		};
		2964F7E915CAE7A60066F40E /* Debug */ = {
			isa = XCBuildConfiguration;
			buildSettings = {
				GCC_PRECOMPILE_PREFIX_HEADER = YES;
				GCC_PREFIX_HEADER = "SuperCalc/SuperCalc-Prefix.pch";
				INFOPLIST_FILE = "SuperCalc/SuperCalc-Info.plist";
				PRODUCT_NAME = "$(TARGET_NAME)";
				WRAPPER_EXTENSION = app;
			};
			name = Debug;
		};
		2964F7EA15CAE7A60066F40E /* Release */ = {
			isa = XCBuildConfiguration;
			buildSettings = {
				GCC_PRECOMPILE_PREFIX_HEADER = YES;
				GCC_PREFIX_HEADER = "SuperCalc/SuperCalc-Prefix.pch";
				INFOPLIST_FILE = "SuperCalc/SuperCalc-Info.plist";
				PRODUCT_NAME = "$(TARGET_NAME)";
				WRAPPER_EXTENSION = app;
			};
			name = Release;
		};
/* End XCBuildConfiguration section */

/* Begin XCConfigurationList section */
		2964F7C415CAE7A60066F40E /* Build configuration list for PBXProject "SuperCalc" */ = {
			isa = XCConfigurationList;
			buildConfigurations = (
				2964F7E615CAE7A60066F40E /* Debug */,
				2964F7E715CAE7A60066F40E /* Release */,
			);
			defaultConfigurationIsVisible = 0;
			defaultConfigurationName = Release;
		};
		2964F7E815CAE7A60066F40E /* Build configuration list for PBXNativeTarget "SuperCalc" */ = {
			isa = XCConfigurationList;
			buildConfigurations = (
				2964F7E915CAE7A60066F40E /* Debug */,
				2964F7EA15CAE7A60066F40E /* Release */,
			);
			defaultConfigurationIsVisible = 0;
		};
/* End XCConfigurationList section */
	};
	rootObject = 2964F7C115CAE7A60066F40E /* Project object */;
}
